
Microsoft Visual Studio Solution File, Format Version 12.00
# Visual Studio 15
Project("{FAE04EC0-301F-11D3-BF4B-00C04F79EFBC}") = "UnityEngine.UI", "UnityEngine.UI.csproj", "{35937EA5-CEDB-5BCB-FE50-D9CC4C83BD82}"
EndProject
Project("{FAE04EC0-301F-11D3-BF4B-00C04F79EFBC}") = "UnityEngine.TestRunner", "UnityEngine.TestRunner.csproj", "{36C010BF-4FFA-0323-9489-EBBF1FD69E42}"
EndProject
Project("{FAE04EC0-301F-11D3-BF4B-00C04F79EFBC}") = "Unity.VisualScripting.Flow", "Unity.VisualScripting.Flow.csproj", "{67FCA8F5-A7F8-1398-8885-D10B812E3E8F}"
EndProject
Project("{FAE04EC0-301F-11D3-BF4B-00C04F79EFBC}") = "Unity.Services.Core.Telemetry", "Unity.Services.Core.Telemetry.csproj", "{DA925F5D-9239-A0D9-B3CC-9EF766958265}"
EndProject
Project("{FAE04EC0-301F-11D3-BF4B-00C04F79EFBC}") = "Unity.VisualScripting.State", "Unity.VisualScripting.State.csproj", "{91474259-2286-5A02-6D49-5EF45EF52FCE}"
EndProject
Project("{FAE04EC0-301F-11D3-BF4B-00C04F79EFBC}") = "Assembly-CSharp-firstpass", "Assembly-CSharp-firstpass.csproj", "{2556E2E0-BD0B-C9B0-2B84-782D43C8C71D}"
EndProject
Project("{FAE04EC0-301F-11D3-BF4B-00C04F79EFBC}") = "Unity.VisualScripting.Core", "Unity.VisualScripting.Core.csproj", "{4DA04439-F4FD-2CE8-5281-5FF3A3AD4426}"
EndProject
Project("{FAE04EC0-301F-11D3-BF4B-00C04F79EFBC}") = "Unity.Services.Core.Environments.Internal", "Unity.Services.Core.Environments.Internal.csproj", "{2AF5EA76-E4E6-71A3-756A-F596C37A0BA8}"
EndProject
Project("{FAE04EC0-301F-11D3-BF4B-00C04F79EFBC}") = "Unity.TextMeshPro", "Unity.TextMeshPro.csproj", "{A88173C4-DFB8-3574-BC83-7481CA98C965}"
EndProject
Project("{FAE04EC0-301F-11D3-BF4B-00C04F79EFBC}") = "Unity.ProBuilder.Poly2Tri", "Unity.ProBuilder.Poly2Tri.csproj", "{6E85229F-83B7-3C86-8441-6C4317D7838F}"
EndProject
Project("{FAE04EC0-301F-11D3-BF4B-00C04F79EFBC}") = "Cinemachine", "Cinemachine.csproj", "{1783D26B-A072-E510-1391-DC19D7A2FFAF}"
EndProject
Project("{FAE04EC0-301F-11D3-BF4B-00C04F79EFBC}") = "Unity.Timeline", "Unity.Timeline.csproj", "{271B2BA4-60E0-2930-9D77-8DDBB6865D8C}"
EndProject
Project("{FAE04EC0-301F-11D3-BF4B-00C04F79EFBC}") = "Autodesk.Fbx", "Autodesk.Fbx.csproj", "{C728D5FF-05A4-F0DD-BE1F-33CA0FA4CE04}"
EndProject
Project("{FAE04EC0-301F-11D3-BF4B-00C04F79EFBC}") = "ToonyColorsPro2.Demo", "ToonyColorsPro2.Demo.csproj", "{D9FFD142-3B89-62AE-3A9B-019CA251E8FD}"
EndProject
Project("{FAE04EC0-301F-11D3-BF4B-00C04F79EFBC}") = "Assembly-CSharp", "Assembly-CSharp.csproj", "{C031E835-6EEA-F012-B4FC-D2BC791B3F1D}"
EndProject
Project("{FAE04EC0-301F-11D3-BF4B-00C04F79EFBC}") = "Unity.ProBuilder", "Unity.ProBuilder.csproj", "{3F03E56F-099F-6EFC-F847-E5C0CD96E9E4}"
EndProject
Project("{FAE04EC0-301F-11D3-BF4B-00C04F79EFBC}") = "Unity.Services.Core.Environments", "Unity.Services.Core.Environments.csproj", "{9C862D17-867F-D6C3-881C-6B129D1F835C}"
EndProject
Project("{FAE04EC0-301F-11D3-BF4B-00C04F79EFBC}") = "Unity.Services.Core.Internal", "Unity.Services.Core.Internal.csproj", "{9A75420A-CE57-08FC-A742-EB7FE06DEBB2}"
EndProject
Project("{FAE04EC0-301F-11D3-BF4B-00C04F79EFBC}") = "Unity.Services.Core.Analytics", "Unity.Services.Core.Analytics.csproj", "{5B91F58A-94A4-4E44-7867-E02EF5DB0568}"
EndProject
Project("{FAE04EC0-301F-11D3-BF4B-00C04F79EFBC}") = "SingularSDK", "SingularSDK.csproj", "{9A9F69A4-7670-BF76-48E7-B84F75CDC611}"
EndProject
Project("{FAE04EC0-301F-11D3-BF4B-00C04F79EFBC}") = "Unity.ProBuilder.Csg", "Unity.ProBuilder.Csg.csproj", "{632BA444-F23F-3BEE-8C99-0FB6A32AA63D}"
EndProject
Project("{FAE04EC0-301F-11D3-BF4B-00C04F79EFBC}") = "Unity.Services.Core.Scheduler", "Unity.Services.Core.Scheduler.csproj", "{46225DAE-4925-250E-8889-8EEB72F62C47}"
EndProject
Project("{FAE04EC0-301F-11D3-BF4B-00C04F79EFBC}") = "Unity.Services.Core.Registration", "Unity.Services.Core.Registration.csproj", "{BE3C4E69-0128-54EC-61A9-E9C94A122B94}"
EndProject
Project("{FAE04EC0-301F-11D3-BF4B-00C04F79EFBC}") = "Sirenix.OdinInspector.CompatibilityLayer", "Sirenix.OdinInspector.CompatibilityLayer.csproj", "{EAD1F325-928B-B45F-6415-7FC457A0CA53}"
EndProject
Project("{FAE04EC0-301F-11D3-BF4B-00C04F79EFBC}") = "Unity.Services.Core.Device", "Unity.Services.Core.Device.csproj", "{9EE9E559-7AB0-9079-6FB4-E989E211B1EF}"
EndProject
Project("{FAE04EC0-301F-11D3-BF4B-00C04F79EFBC}") = "ToonyColorsPro.Runtime", "ToonyColorsPro.Runtime.csproj", "{022272E6-D001-248C-694E-969AC736C23C}"
EndProject
Project("{FAE04EC0-301F-11D3-BF4B-00C04F79EFBC}") = "Unity.Services.Core.Threading", "Unity.Services.Core.Threading.csproj", "{67BF4300-BBB3-D14F-9E44-E1F2E65359C3}"
EndProject
Project("{FAE04EC0-301F-11D3-BF4B-00C04F79EFBC}") = "Unity.Services.Core.Networking", "Unity.Services.Core.Networking.csproj", "{69183DD6-8EA6-38E5-3686-17358AD048F3}"
EndProject
Project("{FAE04EC0-301F-11D3-BF4B-00C04F79EFBC}") = "Unity.ProBuilder.KdTree", "Unity.ProBuilder.KdTree.csproj", "{3FB6C6C2-DAAA-3C17-39C7-20FDB319E630}"
EndProject
Project("{FAE04EC0-301F-11D3-BF4B-00C04F79EFBC}") = "Unity.Services.Core", "Unity.Services.Core.csproj", "{5F379AAB-8AD9-8AFF-5FE1-EC09AC85D86D}"
EndProject
Project("{FAE04EC0-301F-11D3-BF4B-00C04F79EFBC}") = "Unity.Formats.Fbx.Runtime", "Unity.Formats.Fbx.Runtime.csproj", "{C8F03464-71DE-B23F-FF97-5E55EEA2B388}"
EndProject
Project("{FAE04EC0-301F-11D3-BF4B-00C04F79EFBC}") = "Unity.Services.Core.Configuration", "Unity.Services.Core.Configuration.csproj", "{3D10B2D4-E8BC-4037-9E10-01AF66832045}"
EndProject
Project("{FAE04EC0-301F-11D3-BF4B-00C04F79EFBC}") = "KinoBloom.Runtime", "KinoBloom.Runtime.csproj", "{E0EE5686-F88B-54E4-5663-89423F633F2B}"
EndProject
Project("{FAE04EC0-301F-11D3-BF4B-00C04F79EFBC}") = "Unity.ProBuilder.Stl", "Unity.ProBuilder.Stl.csproj", "{54958B1C-3ED2-7CB8-5290-2725ECB3FF86}"
EndProject
Project("{FAE04EC0-301F-11D3-BF4B-00C04F79EFBC}") = "FbxBuildTestAssets", "FbxBuildTestAssets.csproj", "{CB155D8D-7A73-F978-3E64-FC64CDC98C88}"
EndProject
Project("{FAE04EC0-301F-11D3-BF4B-00C04F79EFBC}") = "Unity.PlasticSCM.Editor", "Unity.PlasticSCM.Editor.csproj", "{216E5836-519D-73F3-6ADF-C5546374B4F0}"
EndProject
Project("{FAE04EC0-301F-11D3-BF4B-00C04F79EFBC}") = "Unity.VisualScripting.Core.Editor", "Unity.VisualScripting.Core.Editor.csproj", "{0431E697-AD15-7063-E6F9-B027F8845141}"
EndProject
Project("{FAE04EC0-301F-11D3-BF4B-00C04F79EFBC}") = "Unity.VisualScripting.Flow.Editor", "Unity.VisualScripting.Flow.Editor.csproj", "{B1158EE8-B6B1-F245-ECC9-7EF3AEF3E4D7}"
EndProject
Project("{FAE04EC0-301F-11D3-BF4B-00C04F79EFBC}") = "Unity.Formats.Fbx.Editor", "Unity.Formats.Fbx.Editor.csproj", "{9037E827-99F9-746B-BCA1-7E48AB402E68}"
EndProject
Project("{FAE04EC0-301F-11D3-BF4B-00C04F79EFBC}") = "Unity.VisualStudio.Editor", "Unity.VisualStudio.Editor.csproj", "{BC4CCFBC-D147-9519-4FC9-6333F9DDF16D}"
EndProject
Project("{FAE04EC0-301F-11D3-BF4B-00C04F79EFBC}") = "Unity.ProBuilder.Editor", "Unity.ProBuilder.Editor.csproj", "{CBD92FCA-43E2-AB83-B922-B859B22D9933}"
EndProject
Project("{FAE04EC0-301F-11D3-BF4B-00C04F79EFBC}") = "Unity.Timeline.Editor", "Unity.Timeline.Editor.csproj", "{22E4BF61-652C-6A5A-F0D0-57AD2DAB338A}"
EndProject
Project("{FAE04EC0-301F-11D3-BF4B-00C04F79EFBC}") = "com.unity.cinemachine.editor", "com.unity.cinemachine.editor.csproj", "{F1BF629F-9209-91D7-6EC9-E05C26F14F71}"
EndProject
Project("{FAE04EC0-301F-11D3-BF4B-00C04F79EFBC}") = "Unity.VisualScripting.State.Editor", "Unity.VisualScripting.State.Editor.csproj", "{5494C2AB-961B-EA3F-4DCC-971C04BD51AA}"
EndProject
Project("{FAE04EC0-301F-11D3-BF4B-00C04F79EFBC}") = "Unity.TextMeshPro.Editor", "Unity.TextMeshPro.Editor.csproj", "{4A93826D-7FB4-3D7C-8577-CC75ACC4A0E5}"
EndProject
Project("{FAE04EC0-301F-11D3-BF4B-00C04F79EFBC}") = "Unity.VisualScripting.SettingsProvider.Editor", "Unity.VisualScripting.SettingsProvider.Editor.csproj", "{678DF3F9-7EB0-D118-D743-F404072C7793}"
EndProject
Project("{FAE04EC0-301F-11D3-BF4B-00C04F79EFBC}") = "Unity.CollabProxy.Editor", "Unity.CollabProxy.Editor.csproj", "{CC7FB814-11F7-4B6E-8F4B-616F11832E2B}"
EndProject
Project("{FAE04EC0-301F-11D3-BF4B-00C04F79EFBC}") = "UnityEditor.TestRunner", "UnityEditor.TestRunner.csproj", "{7853EFAB-F2C2-1083-04F7-2B3AEEDEB97A}"
EndProject
Project("{FAE04EC0-301F-11D3-BF4B-00C04F79EFBC}") = "Unity.Services.Core.Editor", "Unity.Services.Core.Editor.csproj", "{1EF51E4B-44F4-D0B9-FAC6-40DD71E487BE}"
EndProject
Project("{FAE04EC0-301F-11D3-BF4B-00C04F79EFBC}") = "Unity.TestTools.CodeCoverage.Editor", "Unity.TestTools.CodeCoverage.Editor.csproj", "{D8628724-9E16-A0B2-5233-F0B21A2B804C}"
EndProject
Project("{FAE04EC0-301F-11D3-BF4B-00C04F79EFBC}") = "Unity.Rider.Editor", "Unity.Rider.Editor.csproj", "{DBAC7058-3B86-FDF4-C3DD-C822049F79E6}"
EndProject
Project("{FAE04EC0-301F-11D3-BF4B-00C04F79EFBC}") = "Unity.Performance.Profile-Analyzer.Editor", "Unity.Performance.Profile-Analyzer.Editor.csproj", "{17163E6A-E9C2-43C1-5BAC-A56ABE3FFB8D}"
EndProject
Project("{FAE04EC0-301F-11D3-BF4B-00C04F79EFBC}") = "Sirenix.OdinInspector.CompatibilityLayer.Editor", "Sirenix.OdinInspector.CompatibilityLayer.Editor.csproj", "{3134CC2C-EF89-774C-1B85-50C8F30622A2}"
EndProject
Project("{FAE04EC0-301F-11D3-BF4B-00C04F79EFBC}") = "Unity.VSCode.Editor", "Unity.VSCode.Editor.csproj", "{044760E6-2374-4AE7-8F8B-247F25B2E048}"
EndProject
Project("{FAE04EC0-301F-11D3-BF4B-00C04F79EFBC}") = "Unity.ProBuilder.AssetIdRemapUtility", "Unity.ProBuilder.AssetIdRemapUtility.csproj", "{69FAADC4-9227-1FDF-F2E0-FFE0E2BEC75F}"
EndProject
Project("{FAE04EC0-301F-11D3-BF4B-00C04F79EFBC}") = "ToonyColorsPro.Editor", "ToonyColorsPro.Editor.csproj", "{239FCAE0-E6B7-634A-BC8E-EB4EAABCB26C}"
EndProject
Project("{FAE04EC0-301F-11D3-BF4B-00C04F79EFBC}") = "UnityEditor.UI", "UnityEditor.UI.csproj", "{FDF83D5B-8141-7F94-FC2F-AEEB24DE92F2}"
EndProject
Project("{FAE04EC0-301F-11D3-BF4B-00C04F79EFBC}") = "Unity.TestTools.CodeCoverage.Editor.OpenCover.Model", "Unity.TestTools.CodeCoverage.Editor.OpenCover.Model.csproj", "{90D963BB-E8A4-852E-6ADE-3CB7C7D687E0}"
EndProject
Project("{FAE04EC0-301F-11D3-BF4B-00C04F79EFBC}") = "Unity.EditorCoroutines.Editor", "Unity.EditorCoroutines.Editor.csproj", "{CF98BB47-75EB-CCB1-3659-81337ED9D89A}"
EndProject
Project("{FAE04EC0-301F-11D3-BF4B-00C04F79EFBC}") = "Unity.Settings.Editor", "Unity.Settings.Editor.csproj", "{EDADEBBA-75F9-F2BA-04D2-D589B59D94C0}"
EndProject
Project("{FAE04EC0-301F-11D3-BF4B-00C04F79EFBC}") = "Unity.Services.Core.Configuration.Editor", "Unity.Services.Core.Configuration.Editor.csproj", "{C7A6C500-B25F-2FDC-F909-D3CD5DFB5890}"
EndProject
Project("{FAE04EC0-301F-11D3-BF4B-00C04F79EFBC}") = "Autodesk.Fbx.Editor", "Autodesk.Fbx.Editor.csproj", "{C19AA8FC-59DC-3D57-15A7-FFEB943679AF}"
EndProject
Project("{FAE04EC0-301F-11D3-BF4B-00C04F79EFBC}") = "Assembly-CSharp-Editor-firstpass", "Assembly-CSharp-Editor-firstpass.csproj", "{2B058A25-39BB-12E7-AD9D-9AFD17B8BBDB}"
EndProject
Project("{FAE04EC0-301F-11D3-BF4B-00C04F79EFBC}") = "Unity.TestTools.CodeCoverage.Editor.OpenCover.Mono.Reflection", "Unity.TestTools.CodeCoverage.Editor.OpenCover.Mono.Reflection.csproj", "{E128A4D6-2672-8BBA-A505-6F4221BE9A0E}"
EndProject
Project("{FAE04EC0-301F-11D3-BF4B-00C04F79EFBC}") = "Unity.VisualScripting.Shared.Editor", "Unity.VisualScripting.Shared.Editor.csproj", "{5B9DEAE1-C7F1-EB9E-22AD-2F595C8E5BEF}"
EndProject
Project("{FAE04EC0-301F-11D3-BF4B-00C04F79EFBC}") = "ToonyColorsPro.Demo.Editor", "ToonyColorsPro.Demo.Editor.csproj", "{F540341C-4DF4-B201-2A8D-7E0C14AA0161}"
EndProject
Project("{FAE04EC0-301F-11D3-BF4B-00C04F79EFBC}") = "Unity.ProBuilder.AddOns.Editor", "Unity.ProBuilder.AddOns.Editor.csproj", "{3801AEE8-9DB4-61D8-40B0-BEA2FD8984BC}"
EndProject
Global
	GlobalSection(SolutionConfigurationPlatforms) = preSolution
		Debug|Any CPU = Debug|Any CPU
		Release|Any CPU = Release|Any CPU
	EndGlobalSection
	GlobalSection(ProjectConfigurationPlatforms) = postSolution
		{35937EA5-CEDB-5BCB-FE50-D9CC4C83BD82}.Debug|Any CPU.ActiveCfg = Debug|Any CPU
		{35937EA5-CEDB-5BCB-FE50-D9CC4C83BD82}.Debug|Any CPU.Build.0 = Debug|Any CPU
		{35937EA5-CEDB-5BCB-FE50-D9CC4C83BD82}.Release|Any CPU.ActiveCfg = Release|Any CPU
		{35937EA5-CEDB-5BCB-FE50-D9CC4C83BD82}.Release|Any CPU.Build.0 = Release|Any CPU
		{36C010BF-4FFA-0323-9489-EBBF1FD69E42}.Debug|Any CPU.ActiveCfg = Debug|Any CPU
		{36C010BF-4FFA-0323-9489-EBBF1FD69E42}.Debug|Any CPU.Build.0 = Debug|Any CPU
		{36C010BF-4FFA-0323-9489-EBBF1FD69E42}.Release|Any CPU.ActiveCfg = Release|Any CPU
		{36C010BF-4FFA-0323-9489-EBBF1FD69E42}.Release|Any CPU.Build.0 = Release|Any CPU
		{67FCA8F5-A7F8-1398-8885-D10B812E3E8F}.Debug|Any CPU.ActiveCfg = Debug|Any CPU
		{67FCA8F5-A7F8-1398-8885-D10B812E3E8F}.Debug|Any CPU.Build.0 = Debug|Any CPU
		{67FCA8F5-A7F8-1398-8885-D10B812E3E8F}.Release|Any CPU.ActiveCfg = Release|Any CPU
		{67FCA8F5-A7F8-1398-8885-D10B812E3E8F}.Release|Any CPU.Build.0 = Release|Any CPU
		{DA925F5D-9239-A0D9-B3CC-9EF766958265}.Debug|Any CPU.ActiveCfg = Debug|Any CPU
		{DA925F5D-9239-A0D9-B3CC-9EF766958265}.Debug|Any CPU.Build.0 = Debug|Any CPU
		{DA925F5D-9239-A0D9-B3CC-9EF766958265}.Release|Any CPU.ActiveCfg = Release|Any CPU
		{DA925F5D-9239-A0D9-B3CC-9EF766958265}.Release|Any CPU.Build.0 = Release|Any CPU
		{91474259-2286-5A02-6D49-5EF45EF52FCE}.Debug|Any CPU.ActiveCfg = Debug|Any CPU
		{91474259-2286-5A02-6D49-5EF45EF52FCE}.Debug|Any CPU.Build.0 = Debug|Any CPU
		{91474259-2286-5A02-6D49-5EF45EF52FCE}.Release|Any CPU.ActiveCfg = Release|Any CPU
		{91474259-2286-5A02-6D49-5EF45EF52FCE}.Release|Any CPU.Build.0 = Release|Any CPU
		{2556E2E0-BD0B-C9B0-2B84-782D43C8C71D}.Debug|Any CPU.ActiveCfg = Debug|Any CPU
		{2556E2E0-BD0B-C9B0-2B84-782D43C8C71D}.Debug|Any CPU.Build.0 = Debug|Any CPU
		{2556E2E0-BD0B-C9B0-2B84-782D43C8C71D}.Release|Any CPU.ActiveCfg = Release|Any CPU
		{2556E2E0-BD0B-C9B0-2B84-782D43C8C71D}.Release|Any CPU.Build.0 = Release|Any CPU
		{4DA04439-F4FD-2CE8-5281-5FF3A3AD4426}.Debug|Any CPU.ActiveCfg = Debug|Any CPU
		{4DA04439-F4FD-2CE8-5281-5FF3A3AD4426}.Debug|Any CPU.Build.0 = Debug|Any CPU
		{4DA04439-F4FD-2CE8-5281-5FF3A3AD4426}.Release|Any CPU.ActiveCfg = Release|Any CPU
		{4DA04439-F4FD-2CE8-5281-5FF3A3AD4426}.Release|Any CPU.Build.0 = Release|Any CPU
		{2AF5EA76-E4E6-71A3-756A-F596C37A0BA8}.Debug|Any CPU.ActiveCfg = Debug|Any CPU
		{2AF5EA76-E4E6-71A3-756A-F596C37A0BA8}.Debug|Any CPU.Build.0 = Debug|Any CPU
		{2AF5EA76-E4E6-71A3-756A-F596C37A0BA8}.Release|Any CPU.ActiveCfg = Release|Any CPU
		{2AF5EA76-E4E6-71A3-756A-F596C37A0BA8}.Release|Any CPU.Build.0 = Release|Any CPU
		{A88173C4-DFB8-3574-BC83-7481CA98C965}.Debug|Any CPU.ActiveCfg = Debug|Any CPU
		{A88173C4-DFB8-3574-BC83-7481CA98C965}.Debug|Any CPU.Build.0 = Debug|Any CPU
		{A88173C4-DFB8-3574-BC83-7481CA98C965}.Release|Any CPU.ActiveCfg = Release|Any CPU
		{A88173C4-DFB8-3574-BC83-7481CA98C965}.Release|Any CPU.Build.0 = Release|Any CPU
		{6E85229F-83B7-3C86-8441-6C4317D7838F}.Debug|Any CPU.ActiveCfg = Debug|Any CPU
		{6E85229F-83B7-3C86-8441-6C4317D7838F}.Debug|Any CPU.Build.0 = Debug|Any CPU
		{6E85229F-83B7-3C86-8441-6C4317D7838F}.Release|Any CPU.ActiveCfg = Release|Any CPU
		{6E85229F-83B7-3C86-8441-6C4317D7838F}.Release|Any CPU.Build.0 = Release|Any CPU
		{1783D26B-A072-E510-1391-DC19D7A2FFAF}.Debug|Any CPU.ActiveCfg = Debug|Any CPU
		{1783D26B-A072-E510-1391-DC19D7A2FFAF}.Debug|Any CPU.Build.0 = Debug|Any CPU
		{1783D26B-A072-E510-1391-DC19D7A2FFAF}.Release|Any CPU.ActiveCfg = Release|Any CPU
		{1783D26B-A072-E510-1391-DC19D7A2FFAF}.Release|Any CPU.Build.0 = Release|Any CPU
		{271B2BA4-60E0-2930-9D77-8DDBB6865D8C}.Debug|Any CPU.ActiveCfg = Debug|Any CPU
		{271B2BA4-60E0-2930-9D77-8DDBB6865D8C}.Debug|Any CPU.Build.0 = Debug|Any CPU
		{271B2BA4-60E0-2930-9D77-8DDBB6865D8C}.Release|Any CPU.ActiveCfg = Release|Any CPU
		{271B2BA4-60E0-2930-9D77-8DDBB6865D8C}.Release|Any CPU.Build.0 = Release|Any CPU
		{C728D5FF-05A4-F0DD-BE1F-33CA0FA4CE04}.Debug|Any CPU.ActiveCfg = Debug|Any CPU
		{C728D5FF-05A4-F0DD-BE1F-33CA0FA4CE04}.Debug|Any CPU.Build.0 = Debug|Any CPU
		{C728D5FF-05A4-F0DD-BE1F-33CA0FA4CE04}.Release|Any CPU.ActiveCfg = Release|Any CPU
		{C728D5FF-05A4-F0DD-BE1F-33CA0FA4CE04}.Release|Any CPU.Build.0 = Release|Any CPU
		{D9FFD142-3B89-62AE-3A9B-019CA251E8FD}.Debug|Any CPU.ActiveCfg = Debug|Any CPU
		{D9FFD142-3B89-62AE-3A9B-019CA251E8FD}.Debug|Any CPU.Build.0 = Debug|Any CPU
		{D9FFD142-3B89-62AE-3A9B-019CA251E8FD}.Release|Any CPU.ActiveCfg = Release|Any CPU
		{D9FFD142-3B89-62AE-3A9B-019CA251E8FD}.Release|Any CPU.Build.0 = Release|Any CPU
		{C031E835-6EEA-F012-B4FC-D2BC791B3F1D}.Debug|Any CPU.ActiveCfg = Debug|Any CPU
		{C031E835-6EEA-F012-B4FC-D2BC791B3F1D}.Debug|Any CPU.Build.0 = Debug|Any CPU
		{C031E835-6EEA-F012-B4FC-D2BC791B3F1D}.Release|Any CPU.ActiveCfg = Release|Any CPU
		{C031E835-6EEA-F012-B4FC-D2BC791B3F1D}.Release|Any CPU.Build.0 = Release|Any CPU
		{3F03E56F-099F-6EFC-F847-E5C0CD96E9E4}.Debug|Any CPU.ActiveCfg = Debug|Any CPU
		{3F03E56F-099F-6EFC-F847-E5C0CD96E9E4}.Debug|Any CPU.Build.0 = Debug|Any CPU
		{3F03E56F-099F-6EFC-F847-E5C0CD96E9E4}.Release|Any CPU.ActiveCfg = Release|Any CPU
		{3F03E56F-099F-6EFC-F847-E5C0CD96E9E4}.Release|Any CPU.Build.0 = Release|Any CPU
		{9C862D17-867F-D6C3-881C-6B129D1F835C}.Debug|Any CPU.ActiveCfg = Debug|Any CPU
		{9C862D17-867F-D6C3-881C-6B129D1F835C}.Debug|Any CPU.Build.0 = Debug|Any CPU
		{9C862D17-867F-D6C3-881C-6B129D1F835C}.Release|Any CPU.ActiveCfg = Release|Any CPU
		{9C862D17-867F-D6C3-881C-6B129D1F835C}.Release|Any CPU.Build.0 = Release|Any CPU
		{9A75420A-CE57-08FC-A742-EB7FE06DEBB2}.Debug|Any CPU.ActiveCfg = Debug|Any CPU
		{9A75420A-CE57-08FC-A742-EB7FE06DEBB2}.Debug|Any CPU.Build.0 = Debug|Any CPU
		{9A75420A-CE57-08FC-A742-EB7FE06DEBB2}.Release|Any CPU.ActiveCfg = Release|Any CPU
		{9A75420A-CE57-08FC-A742-EB7FE06DEBB2}.Release|Any CPU.Build.0 = Release|Any CPU
		{5B91F58A-94A4-4E44-7867-E02EF5DB0568}.Debug|Any CPU.ActiveCfg = Debug|Any CPU
		{5B91F58A-94A4-4E44-7867-E02EF5DB0568}.Debug|Any CPU.Build.0 = Debug|Any CPU
		{5B91F58A-94A4-4E44-7867-E02EF5DB0568}.Release|Any CPU.ActiveCfg = Release|Any CPU
		{5B91F58A-94A4-4E44-7867-E02EF5DB0568}.Release|Any CPU.Build.0 = Release|Any CPU
		{9A9F69A4-7670-BF76-48E7-B84F75CDC611}.Debug|Any CPU.ActiveCfg = Debug|Any CPU
		{9A9F69A4-7670-BF76-48E7-B84F75CDC611}.Debug|Any CPU.Build.0 = Debug|Any CPU
		{9A9F69A4-7670-BF76-48E7-B84F75CDC611}.Release|Any CPU.ActiveCfg = Release|Any CPU
		{9A9F69A4-7670-BF76-48E7-B84F75CDC611}.Release|Any CPU.Build.0 = Release|Any CPU
		{632BA444-F23F-3BEE-8C99-0FB6A32AA63D}.Debug|Any CPU.ActiveCfg = Debug|Any CPU
		{632BA444-F23F-3BEE-8C99-0FB6A32AA63D}.Debug|Any CPU.Build.0 = Debug|Any CPU
		{632BA444-F23F-3BEE-8C99-0FB6A32AA63D}.Release|Any CPU.ActiveCfg = Release|Any CPU
		{632BA444-F23F-3BEE-8C99-0FB6A32AA63D}.Release|Any CPU.Build.0 = Release|Any CPU
		{46225DAE-4925-250E-8889-8EEB72F62C47}.Debug|Any CPU.ActiveCfg = Debug|Any CPU
		{46225DAE-4925-250E-8889-8EEB72F62C47}.Debug|Any CPU.Build.0 = Debug|Any CPU
		{46225DAE-4925-250E-8889-8EEB72F62C47}.Release|Any CPU.ActiveCfg = Release|Any CPU
		{46225DAE-4925-250E-8889-8EEB72F62C47}.Release|Any CPU.Build.0 = Release|Any CPU
		{BE3C4E69-0128-54EC-61A9-E9C94A122B94}.Debug|Any CPU.ActiveCfg = Debug|Any CPU
		{BE3C4E69-0128-54EC-61A9-E9C94A122B94}.Debug|Any CPU.Build.0 = Debug|Any CPU
		{BE3C4E69-0128-54EC-61A9-E9C94A122B94}.Release|Any CPU.ActiveCfg = Release|Any CPU
		{BE3C4E69-0128-54EC-61A9-E9C94A122B94}.Release|Any CPU.Build.0 = Release|Any CPU
		{EAD1F325-928B-B45F-6415-7FC457A0CA53}.Debug|Any CPU.ActiveCfg = Debug|Any CPU
		{EAD1F325-928B-B45F-6415-7FC457A0CA53}.Debug|Any CPU.Build.0 = Debug|Any CPU
		{EAD1F325-928B-B45F-6415-7FC457A0CA53}.Release|Any CPU.ActiveCfg = Release|Any CPU
		{EAD1F325-928B-B45F-6415-7FC457A0CA53}.Release|Any CPU.Build.0 = Release|Any CPU
		{9EE9E559-7AB0-9079-6FB4-E989E211B1EF}.Debug|Any CPU.ActiveCfg = Debug|Any CPU
		{9EE9E559-7AB0-9079-6FB4-E989E211B1EF}.Debug|Any CPU.Build.0 = Debug|Any CPU
		{9EE9E559-7AB0-9079-6FB4-E989E211B1EF}.Release|Any CPU.ActiveCfg = Release|Any CPU
		{9EE9E559-7AB0-9079-6FB4-E989E211B1EF}.Release|Any CPU.Build.0 = Release|Any CPU
		{022272E6-D001-248C-694E-969AC736C23C}.Debug|Any CPU.ActiveCfg = Debug|Any CPU
		{022272E6-D001-248C-694E-969AC736C23C}.Debug|Any CPU.Build.0 = Debug|Any CPU
		{022272E6-D001-248C-694E-969AC736C23C}.Release|Any CPU.ActiveCfg = Release|Any CPU
		{022272E6-D001-248C-694E-969AC736C23C}.Release|Any CPU.Build.0 = Release|Any CPU
		{67BF4300-BBB3-D14F-9E44-E1F2E65359C3}.Debug|Any CPU.ActiveCfg = Debug|Any CPU
		{67BF4300-BBB3-D14F-9E44-E1F2E65359C3}.Debug|Any CPU.Build.0 = Debug|Any CPU
		{67BF4300-BBB3-D14F-9E44-E1F2E65359C3}.Release|Any CPU.ActiveCfg = Release|Any CPU
		{67BF4300-BBB3-D14F-9E44-E1F2E65359C3}.Release|Any CPU.Build.0 = Release|Any CPU
		{69183DD6-8EA6-38E5-3686-17358AD048F3}.Debug|Any CPU.ActiveCfg = Debug|Any CPU
		{69183DD6-8EA6-38E5-3686-17358AD048F3}.Debug|Any CPU.Build.0 = Debug|Any CPU
		{69183DD6-8EA6-38E5-3686-17358AD048F3}.Release|Any CPU.ActiveCfg = Release|Any CPU
		{69183DD6-8EA6-38E5-3686-17358AD048F3}.Release|Any CPU.Build.0 = Release|Any CPU
		{3FB6C6C2-DAAA-3C17-39C7-20FDB319E630}.Debug|Any CPU.ActiveCfg = Debug|Any CPU
		{3FB6C6C2-DAAA-3C17-39C7-20FDB319E630}.Debug|Any CPU.Build.0 = Debug|Any CPU
		{3FB6C6C2-DAAA-3C17-39C7-20FDB319E630}.Release|Any CPU.ActiveCfg = Release|Any CPU
		{3FB6C6C2-DAAA-3C17-39C7-20FDB319E630}.Release|Any CPU.Build.0 = Release|Any CPU
		{5F379AAB-8AD9-8AFF-5FE1-EC09AC85D86D}.Debug|Any CPU.ActiveCfg = Debug|Any CPU
		{5F379AAB-8AD9-8AFF-5FE1-EC09AC85D86D}.Debug|Any CPU.Build.0 = Debug|Any CPU
		{5F379AAB-8AD9-8AFF-5FE1-EC09AC85D86D}.Release|Any CPU.ActiveCfg = Release|Any CPU
		{5F379AAB-8AD9-8AFF-5FE1-EC09AC85D86D}.Release|Any CPU.Build.0 = Release|Any CPU
		{C8F03464-71DE-B23F-FF97-5E55EEA2B388}.Debug|Any CPU.ActiveCfg = Debug|Any CPU
		{C8F03464-71DE-B23F-FF97-5E55EEA2B388}.Debug|Any CPU.Build.0 = Debug|Any CPU
		{C8F03464-71DE-B23F-FF97-5E55EEA2B388}.Release|Any CPU.ActiveCfg = Release|Any CPU
		{C8F03464-71DE-B23F-FF97-5E55EEA2B388}.Release|Any CPU.Build.0 = Release|Any CPU
		{3D10B2D4-E8BC-4037-9E10-01AF66832045}.Debug|Any CPU.ActiveCfg = Debug|Any CPU
		{3D10B2D4-E8BC-4037-9E10-01AF66832045}.Debug|Any CPU.Build.0 = Debug|Any CPU
		{3D10B2D4-E8BC-4037-9E10-01AF66832045}.Release|Any CPU.ActiveCfg = Release|Any CPU
		{3D10B2D4-E8BC-4037-9E10-01AF66832045}.Release|Any CPU.Build.0 = Release|Any CPU
		{E0EE5686-F88B-54E4-5663-89423F633F2B}.Debug|Any CPU.ActiveCfg = Debug|Any CPU
		{E0EE5686-F88B-54E4-5663-89423F633F2B}.Debug|Any CPU.Build.0 = Debug|Any CPU
		{E0EE5686-F88B-54E4-5663-89423F633F2B}.Release|Any CPU.ActiveCfg = Release|Any CPU
		{E0EE5686-F88B-54E4-5663-89423F633F2B}.Release|Any CPU.Build.0 = Release|Any CPU
		{54958B1C-3ED2-7CB8-5290-2725ECB3FF86}.Debug|Any CPU.ActiveCfg = Debug|Any CPU
		{54958B1C-3ED2-7CB8-5290-2725ECB3FF86}.Debug|Any CPU.Build.0 = Debug|Any CPU
		{54958B1C-3ED2-7CB8-5290-2725ECB3FF86}.Release|Any CPU.ActiveCfg = Release|Any CPU
		{54958B1C-3ED2-7CB8-5290-2725ECB3FF86}.Release|Any CPU.Build.0 = Release|Any CPU
		{CB155D8D-7A73-F978-3E64-FC64CDC98C88}.Debug|Any CPU.ActiveCfg = Debug|Any CPU
		{CB155D8D-7A73-F978-3E64-FC64CDC98C88}.Debug|Any CPU.Build.0 = Debug|Any CPU
		{CB155D8D-7A73-F978-3E64-FC64CDC98C88}.Release|Any CPU.ActiveCfg = Release|Any CPU
		{CB155D8D-7A73-F978-3E64-FC64CDC98C88}.Release|Any CPU.Build.0 = Release|Any CPU
		{216E5836-519D-73F3-6ADF-C5546374B4F0}.Debug|Any CPU.ActiveCfg = Debug|Any CPU
		{216E5836-519D-73F3-6ADF-C5546374B4F0}.Debug|Any CPU.Build.0 = Debug|Any CPU
		{216E5836-519D-73F3-6ADF-C5546374B4F0}.Release|Any CPU.ActiveCfg = Release|Any CPU
		{216E5836-519D-73F3-6ADF-C5546374B4F0}.Release|Any CPU.Build.0 = Release|Any CPU
		{0431E697-AD15-7063-E6F9-B027F8845141}.Debug|Any CPU.ActiveCfg = Debug|Any CPU
		{0431E697-AD15-7063-E6F9-B027F8845141}.Debug|Any CPU.Build.0 = Debug|Any CPU
		{0431E697-AD15-7063-E6F9-B027F8845141}.Release|Any CPU.ActiveCfg = Release|Any CPU
		{0431E697-AD15-7063-E6F9-B027F8845141}.Release|Any CPU.Build.0 = Release|Any CPU
		{B1158EE8-B6B1-F245-ECC9-7EF3AEF3E4D7}.Debug|Any CPU.ActiveCfg = Debug|Any CPU
		{B1158EE8-B6B1-F245-ECC9-7EF3AEF3E4D7}.Debug|Any CPU.Build.0 = Debug|Any CPU
		{B1158EE8-B6B1-F245-ECC9-7EF3AEF3E4D7}.Release|Any CPU.ActiveCfg = Release|Any CPU
		{B1158EE8-B6B1-F245-ECC9-7EF3AEF3E4D7}.Release|Any CPU.Build.0 = Release|Any CPU
		{9037E827-99F9-746B-BCA1-7E48AB402E68}.Debug|Any CPU.ActiveCfg = Debug|Any CPU
		{9037E827-99F9-746B-BCA1-7E48AB402E68}.Debug|Any CPU.Build.0 = Debug|Any CPU
		{9037E827-99F9-746B-BCA1-7E48AB402E68}.Release|Any CPU.ActiveCfg = Release|Any CPU
		{9037E827-99F9-746B-BCA1-7E48AB402E68}.Release|Any CPU.Build.0 = Release|Any CPU
		{BC4CCFBC-D147-9519-4FC9-6333F9DDF16D}.Debug|Any CPU.ActiveCfg = Debug|Any CPU
		{BC4CCFBC-D147-9519-4FC9-6333F9DDF16D}.Debug|Any CPU.Build.0 = Debug|Any CPU
		{BC4CCFBC-D147-9519-4FC9-6333F9DDF16D}.Release|Any CPU.ActiveCfg = Release|Any CPU
		{BC4CCFBC-D147-9519-4FC9-6333F9DDF16D}.Release|Any CPU.Build.0 = Release|Any CPU
		{CBD92FCA-43E2-AB83-B922-B859B22D9933}.Debug|Any CPU.ActiveCfg = Debug|Any CPU
		{CBD92FCA-43E2-AB83-B922-B859B22D9933}.Debug|Any CPU.Build.0 = Debug|Any CPU
		{CBD92FCA-43E2-AB83-B922-B859B22D9933}.Release|Any CPU.ActiveCfg = Release|Any CPU
		{CBD92FCA-43E2-AB83-B922-B859B22D9933}.Release|Any CPU.Build.0 = Release|Any CPU
		{22E4BF61-652C-6A5A-F0D0-57AD2DAB338A}.Debug|Any CPU.ActiveCfg = Debug|Any CPU
		{22E4BF61-652C-6A5A-F0D0-57AD2DAB338A}.Debug|Any CPU.Build.0 = Debug|Any CPU
		{22E4BF61-652C-6A5A-F0D0-57AD2DAB338A}.Release|Any CPU.ActiveCfg = Release|Any CPU
		{22E4BF61-652C-6A5A-F0D0-57AD2DAB338A}.Release|Any CPU.Build.0 = Release|Any CPU
		{F1BF629F-9209-91D7-6EC9-E05C26F14F71}.Debug|Any CPU.ActiveCfg = Debug|Any CPU
		{F1BF629F-9209-91D7-6EC9-E05C26F14F71}.Debug|Any CPU.Build.0 = Debug|Any CPU
		{F1BF629F-9209-91D7-6EC9-E05C26F14F71}.Release|Any CPU.ActiveCfg = Release|Any CPU
		{F1BF629F-9209-91D7-6EC9-E05C26F14F71}.Release|Any CPU.Build.0 = Release|Any CPU
		{5494C2AB-961B-EA3F-4DCC-971C04BD51AA}.Debug|Any CPU.ActiveCfg = Debug|Any CPU
		{5494C2AB-961B-EA3F-4DCC-971C04BD51AA}.Debug|Any CPU.Build.0 = Debug|Any CPU
		{5494C2AB-961B-EA3F-4DCC-971C04BD51AA}.Release|Any CPU.ActiveCfg = Release|Any CPU
		{5494C2AB-961B-EA3F-4DCC-971C04BD51AA}.Release|Any CPU.Build.0 = Release|Any CPU
		{4A93826D-7FB4-3D7C-8577-CC75ACC4A0E5}.Debug|Any CPU.ActiveCfg = Debug|Any CPU
		{4A93826D-7FB4-3D7C-8577-CC75ACC4A0E5}.Debug|Any CPU.Build.0 = Debug|Any CPU
		{4A93826D-7FB4-3D7C-8577-CC75ACC4A0E5}.Release|Any CPU.ActiveCfg = Release|Any CPU
		{4A93826D-7FB4-3D7C-8577-CC75ACC4A0E5}.Release|Any CPU.Build.0 = Release|Any CPU
		{678DF3F9-7EB0-D118-D743-F404072C7793}.Debug|Any CPU.ActiveCfg = Debug|Any CPU
		{678DF3F9-7EB0-D118-D743-F404072C7793}.Debug|Any CPU.Build.0 = Debug|Any CPU
		{678DF3F9-7EB0-D118-D743-F404072C7793}.Release|Any CPU.ActiveCfg = Release|Any CPU
		{678DF3F9-7EB0-D118-D743-F404072C7793}.Release|Any CPU.Build.0 = Release|Any CPU
		{CC7FB814-11F7-4B6E-8F4B-616F11832E2B}.Debug|Any CPU.ActiveCfg = Debug|Any CPU
		{CC7FB814-11F7-4B6E-8F4B-616F11832E2B}.Debug|Any CPU.Build.0 = Debug|Any CPU
		{CC7FB814-11F7-4B6E-8F4B-616F11832E2B}.Release|Any CPU.ActiveCfg = Release|Any CPU
		{CC7FB814-11F7-4B6E-8F4B-616F11832E2B}.Release|Any CPU.Build.0 = Release|Any CPU
		{7853EFAB-F2C2-1083-04F7-2B3AEEDEB97A}.Debug|Any CPU.ActiveCfg = Debug|Any CPU
		{7853EFAB-F2C2-1083-04F7-2B3AEEDEB97A}.Debug|Any CPU.Build.0 = Debug|Any CPU
		{7853EFAB-F2C2-1083-04F7-2B3AEEDEB97A}.Release|Any CPU.ActiveCfg = Release|Any CPU
		{7853EFAB-F2C2-1083-04F7-2B3AEEDEB97A}.Release|Any CPU.Build.0 = Release|Any CPU
		{1EF51E4B-44F4-D0B9-FAC6-40DD71E487BE}.Debug|Any CPU.ActiveCfg = Debug|Any CPU
		{1EF51E4B-44F4-D0B9-FAC6-40DD71E487BE}.Debug|Any CPU.Build.0 = Debug|Any CPU
		{1EF51E4B-44F4-D0B9-FAC6-40DD71E487BE}.Release|Any CPU.ActiveCfg = Release|Any CPU
		{1EF51E4B-44F4-D0B9-FAC6-40DD71E487BE}.Release|Any CPU.Build.0 = Release|Any CPU
		{D8628724-9E16-A0B2-5233-F0B21A2B804C}.Debug|Any CPU.ActiveCfg = Debug|Any CPU
		{D8628724-9E16-A0B2-5233-F0B21A2B804C}.Debug|Any CPU.Build.0 = Debug|Any CPU
		{D8628724-9E16-A0B2-5233-F0B21A2B804C}.Release|Any CPU.ActiveCfg = Release|Any CPU
		{D8628724-9E16-A0B2-5233-F0B21A2B804C}.Release|Any CPU.Build.0 = Release|Any CPU
		{DBAC7058-3B86-FDF4-C3DD-C822049F79E6}.Debug|Any CPU.ActiveCfg = Debug|Any CPU
		{DBAC7058-3B86-FDF4-C3DD-C822049F79E6}.Debug|Any CPU.Build.0 = Debug|Any CPU
		{DBAC7058-3B86-FDF4-C3DD-C822049F79E6}.Release|Any CPU.ActiveCfg = Release|Any CPU
		{DBAC7058-3B86-FDF4-C3DD-C822049F79E6}.Release|Any CPU.Build.0 = Release|Any CPU
		{17163E6A-E9C2-43C1-5BAC-A56ABE3FFB8D}.Debug|Any CPU.ActiveCfg = Debug|Any CPU
		{17163E6A-E9C2-43C1-5BAC-A56ABE3FFB8D}.Debug|Any CPU.Build.0 = Debug|Any CPU
		{17163E6A-E9C2-43C1-5BAC-A56ABE3FFB8D}.Release|Any CPU.ActiveCfg = Release|Any CPU
		{17163E6A-E9C2-43C1-5BAC-A56ABE3FFB8D}.Release|Any CPU.Build.0 = Release|Any CPU
		{3134CC2C-EF89-774C-1B85-50C8F30622A2}.Debug|Any CPU.ActiveCfg = Debug|Any CPU
		{3134CC2C-EF89-774C-1B85-50C8F30622A2}.Debug|Any CPU.Build.0 = Debug|Any CPU
		{3134CC2C-EF89-774C-1B85-50C8F30622A2}.Release|Any CPU.ActiveCfg = Release|Any CPU
		{3134CC2C-EF89-774C-1B85-50C8F30622A2}.Release|Any CPU.Build.0 = Release|Any CPU
		{044760E6-2374-4AE7-8F8B-247F25B2E048}.Debug|Any CPU.ActiveCfg = Debug|Any CPU
		{044760E6-2374-4AE7-8F8B-247F25B2E048}.Debug|Any CPU.Build.0 = Debug|Any CPU
		{044760E6-2374-4AE7-8F8B-247F25B2E048}.Release|Any CPU.ActiveCfg = Release|Any CPU
		{044760E6-2374-4AE7-8F8B-247F25B2E048}.Release|Any CPU.Build.0 = Release|Any CPU
		{69FAADC4-9227-1FDF-F2E0-FFE0E2BEC75F}.Debug|Any CPU.ActiveCfg = Debug|Any CPU
		{69FAADC4-9227-1FDF-F2E0-FFE0E2BEC75F}.Debug|Any CPU.Build.0 = Debug|Any CPU
		{69FAADC4-9227-1FDF-F2E0-FFE0E2BEC75F}.Release|Any CPU.ActiveCfg = Release|Any CPU
		{69FAADC4-9227-1FDF-F2E0-FFE0E2BEC75F}.Release|Any CPU.Build.0 = Release|Any CPU
		{239FCAE0-E6B7-634A-BC8E-EB4EAABCB26C}.Debug|Any CPU.ActiveCfg = Debug|Any CPU
		{239FCAE0-E6B7-634A-BC8E-EB4EAABCB26C}.Debug|Any CPU.Build.0 = Debug|Any CPU
		{239FCAE0-E6B7-634A-BC8E-EB4EAABCB26C}.Release|Any CPU.ActiveCfg = Release|Any CPU
		{239FCAE0-E6B7-634A-BC8E-EB4EAABCB26C}.Release|Any CPU.Build.0 = Release|Any CPU
		{FDF83D5B-8141-7F94-FC2F-AEEB24DE92F2}.Debug|Any CPU.ActiveCfg = Debug|Any CPU
		{FDF83D5B-8141-7F94-FC2F-AEEB24DE92F2}.Debug|Any CPU.Build.0 = Debug|Any CPU
		{FDF83D5B-8141-7F94-FC2F-AEEB24DE92F2}.Release|Any CPU.ActiveCfg = Release|Any CPU
		{FDF83D5B-8141-7F94-FC2F-AEEB24DE92F2}.Release|Any CPU.Build.0 = Release|Any CPU
		{90D963BB-E8A4-852E-6ADE-3CB7C7D687E0}.Debug|Any CPU.ActiveCfg = Debug|Any CPU
		{90D963BB-E8A4-852E-6ADE-3CB7C7D687E0}.Debug|Any CPU.Build.0 = Debug|Any CPU
		{90D963BB-E8A4-852E-6ADE-3CB7C7D687E0}.Release|Any CPU.ActiveCfg = Release|Any CPU
		{90D963BB-E8A4-852E-6ADE-3CB7C7D687E0}.Release|Any CPU.Build.0 = Release|Any CPU
		{CF98BB47-75EB-CCB1-3659-81337ED9D89A}.Debug|Any CPU.ActiveCfg = Debug|Any CPU
		{CF98BB47-75EB-CCB1-3659-81337ED9D89A}.Debug|Any CPU.Build.0 = Debug|Any CPU
		{CF98BB47-75EB-CCB1-3659-81337ED9D89A}.Release|Any CPU.ActiveCfg = Release|Any CPU
		{CF98BB47-75EB-CCB1-3659-81337ED9D89A}.Release|Any CPU.Build.0 = Release|Any CPU
		{EDADEBBA-75F9-F2BA-04D2-D589B59D94C0}.Debug|Any CPU.ActiveCfg = Debug|Any CPU
		{EDADEBBA-75F9-F2BA-04D2-D589B59D94C0}.Debug|Any CPU.Build.0 = Debug|Any CPU
		{EDADEBBA-75F9-F2BA-04D2-D589B59D94C0}.Release|Any CPU.ActiveCfg = Release|Any CPU
		{EDADEBBA-75F9-F2BA-04D2-D589B59D94C0}.Release|Any CPU.Build.0 = Release|Any CPU
		{C7A6C500-B25F-2FDC-F909-D3CD5DFB5890}.Debug|Any CPU.ActiveCfg = Debug|Any CPU
		{C7A6C500-B25F-2FDC-F909-D3CD5DFB5890}.Debug|Any CPU.Build.0 = Debug|Any CPU
		{C7A6C500-B25F-2FDC-F909-D3CD5DFB5890}.Release|Any CPU.ActiveCfg = Release|Any CPU
		{C7A6C500-B25F-2FDC-F909-D3CD5DFB5890}.Release|Any CPU.Build.0 = Release|Any CPU
		{C19AA8FC-59DC-3D57-15A7-FFEB943679AF}.Debug|Any CPU.ActiveCfg = Debug|Any CPU
		{C19AA8FC-59DC-3D57-15A7-FFEB943679AF}.Debug|Any CPU.Build.0 = Debug|Any CPU
		{C19AA8FC-59DC-3D57-15A7-FFEB943679AF}.Release|Any CPU.ActiveCfg = Release|Any CPU
		{C19AA8FC-59DC-3D57-15A7-FFEB943679AF}.Release|Any CPU.Build.0 = Release|Any CPU
		{2B058A25-39BB-12E7-AD9D-9AFD17B8BBDB}.Debug|Any CPU.ActiveCfg = Debug|Any CPU
		{2B058A25-39BB-12E7-AD9D-9AFD17B8BBDB}.Debug|Any CPU.Build.0 = Debug|Any CPU
		{2B058A25-39BB-12E7-AD9D-9AFD17B8BBDB}.Release|Any CPU.ActiveCfg = Release|Any CPU
		{2B058A25-39BB-12E7-AD9D-9AFD17B8BBDB}.Release|Any CPU.Build.0 = Release|Any CPU
		{E128A4D6-2672-8BBA-A505-6F4221BE9A0E}.Debug|Any CPU.ActiveCfg = Debug|Any CPU
		{E128A4D6-2672-8BBA-A505-6F4221BE9A0E}.Debug|Any CPU.Build.0 = Debug|Any CPU
		{E128A4D6-2672-8BBA-A505-6F4221BE9A0E}.Release|Any CPU.ActiveCfg = Release|Any CPU
		{E128A4D6-2672-8BBA-A505-6F4221BE9A0E}.Release|Any CPU.Build.0 = Release|Any CPU
		{5B9DEAE1-C7F1-EB9E-22AD-2F595C8E5BEF}.Debug|Any CPU.ActiveCfg = Debug|Any CPU
		{5B9DEAE1-C7F1-EB9E-22AD-2F595C8E5BEF}.Debug|Any CPU.Build.0 = Debug|Any CPU
		{5B9DEAE1-C7F1-EB9E-22AD-2F595C8E5BEF}.Release|Any CPU.ActiveCfg = Release|Any CPU
		{5B9DEAE1-C7F1-EB9E-22AD-2F595C8E5BEF}.Release|Any CPU.Build.0 = Release|Any CPU
		{F540341C-4DF4-B201-2A8D-7E0C14AA0161}.Debug|Any CPU.ActiveCfg = Debug|Any CPU
		{F540341C-4DF4-B201-2A8D-7E0C14AA0161}.Debug|Any CPU.Build.0 = Debug|Any CPU
		{F540341C-4DF4-B201-2A8D-7E0C14AA0161}.Release|Any CPU.ActiveCfg = Release|Any CPU
		{F540341C-4DF4-B201-2A8D-7E0C14AA0161}.Release|Any CPU.Build.0 = Release|Any CPU
		{3801AEE8-9DB4-61D8-40B0-BEA2FD8984BC}.Debug|Any CPU.ActiveCfg = Debug|Any CPU
		{3801AEE8-9DB4-61D8-40B0-BEA2FD8984BC}.Debug|Any CPU.Build.0 = Debug|Any CPU
		{3801AEE8-9DB4-61D8-40B0-BEA2FD8984BC}.Release|Any CPU.ActiveCfg = Release|Any CPU
		{3801AEE8-9DB4-61D8-40B0-BEA2FD8984BC}.Release|Any CPU.Build.0 = Release|Any CPU
	EndGlobalSection
	GlobalSection(SolutionProperties) = preSolution
		HideSolutionNode = FALSE
	EndGlobalSection
EndGlobal
